
Microsoft Visual Studio Solution File, Format Version 12.00
# Visual Studio Version 16
VisualStudioVersion = 16.0.31129.286
MinimumVisualStudioVersion = 10.0.40219.1
Project("{FAE04EC0-301F-11D3-BF4B-00C04F79EFBC}") = "FlexFormMobile.Android", "FlexFormMobile\FlexFormMobile.Android\FlexFormMobile.Android.csproj", "{21D325C4-4CD5-45B1-953A-650C4418A987}"
EndProject
Project("{FAE04EC0-301F-11D3-BF4B-00C04F79EFBC}") = "FlexFormMobile", "FlexFormMobile\FlexFormMobile\FlexFormMobile.csproj", "{30D7109C-732A-432B-B34F-034DA443A043}"
EndProject
Global
	GlobalSection(SolutionConfigurationPlatforms) = preSolution
		Debug|Any CPU = Debug|Any CPU
		Release|Any CPU = Release|Any CPU
	EndGlobalSection
	GlobalSection(ProjectConfigurationPlatforms) = postSolution
		{21D325C4-4CD5-45B1-953A-650C4418A987}.Debug|Any CPU.ActiveCfg = Debug|Any CPU
		{21D325C4-4CD5-45B1-953A-650C4418A987}.Debug|Any CPU.Build.0 = Debug|Any CPU
		{21D325C4-4CD5-45B1-953A-650C4418A987}.Debug|Any CPU.Deploy.0 = Debug|Any CPU
		{21D325C4-4CD5-45B1-953A-650C4418A987}.Release|Any CPU.ActiveCfg = Release|Any CPU
		{21D325C4-4CD5-45B1-953A-650C4418A987}.Release|Any CPU.Build.0 = Release|Any CPU
		{21D325C4-4CD5-45B1-953A-650C4418A987}.Release|Any CPU.Deploy.0 = Release|Any CPU
		{30D7109C-732A-432B-B34F-034DA443A043}.Debug|Any CPU.ActiveCfg = Debug|Any CPU
		{30D7109C-732A-432B-B34F-034DA443A043}.Debug|Any CPU.Build.0 = Debug|Any CPU
		{30D7109C-732A-432B-B34F-034DA443A043}.Release|Any CPU.ActiveCfg = Release|Any CPU
		{30D7109C-732A-432B-B34F-034DA443A043}.Release|Any CPU.Build.0 = Release|Any CPU
	EndGlobalSection
	GlobalSection(SolutionProperties) = preSolution
		HideSolutionNode = FALSE
	EndGlobalSection
	GlobalSection(ExtensibilityGlobals) = postSolution
		SolutionGuid = {1959A77F-162A-474E-BACD-A4560BA8551A}
	EndGlobalSection
EndGlobal
